// !$*UTF8*$!
{
	archiveVersion = 1;
	classes = {
	};
	objectVersion = 56;
	objects = {

/* Begin PBXBuildFile section */
		DC4D068B2AC4067F003A74DF /* AppDelegate.swift in Sources */ = {isa = PBXBuildFile; fileRef = DC4D068A2AC4067F003A74DF /* AppDelegate.swift */; };
		DC4D068D2AC4067F003A74DF /* SceneDelegate.swift in Sources */ = {isa = PBXBuildFile; fileRef = DC4D068C2AC4067F003A74DF /* SceneDelegate.swift */; };
		DC4D068F2AC4067F003A74DF /* ViewController.swift in Sources */ = {isa = PBXBuildFile; fileRef = DC4D068E2AC4067F003A74DF /* ViewController.swift */; };
		DC4D06922AC4067F003A74DF /* Main.storyboard in Resources */ = {isa = PBXBuildFile; fileRef = DC4D06902AC4067F003A74DF /* Main.storyboard */; };
		DC4D06942AC40681003A74DF /* Assets.xcassets in Resources */ = {isa = PBXBuildFile; fileRef = DC4D06932AC40681003A74DF /* Assets.xcassets */; };
		DC4D06972AC40681003A74DF /* LaunchScreen.storyboard in Resources */ = {isa = PBXBuildFile; fileRef = DC4D06952AC40681003A74DF /* LaunchScreen.storyboard */; };
		DC4D06A22AC40771003A74DF /* XBBaseKit.framework in Frameworks */ = {isa = PBXBuildFile; fileRef = DC4D06A12AC40771003A74DF /* XBBaseKit.framework */; };
		DC4D06A32AC40771003A74DF /* XBBaseKit.framework in Embed Frameworks */ = {isa = PBXBuildFile; fileRef = DC4D06A12AC40771003A74DF /* XBBaseKit.framework */; settings = {ATTRIBUTES = (CodeSignOnCopy, RemoveHeadersOnCopy, ); }; };
/* End PBXBuildFile section */

/* Begin PBXCopyFilesBuildPhase section */
		DC4D06A42AC40771003A74DF /* Embed Frameworks */ = {
			isa = PBXCopyFilesBuildPhase;
			buildActionMask = 2147483647;
			dstPath = "";
			dstSubfolderSpec = 10;
			files = (
				DC4D06A32AC40771003A74DF /* XBBaseKit.framework in Embed Frameworks */,
			);
			name = "Embed Frameworks";
			runOnlyForDeploymentPostprocessing = 0;
		};
/* End PBXCopyFilesBuildPhase section */

/* Begin PBXFileReference section */
		DC4D06872AC4067F003A74DF /* XBBaseKitDemo.app */ = {isa = PBXFileReference; explicitFileType = wrapper.application; includeInIndex = 0; path = XBBaseKitDemo.app; sourceTree = BUILT_PRODUCTS_DIR; };
		DC4D068A2AC4067F003A74DF /* AppDelegate.swift */ = {isa = PBXFileReference; lastKnownFileType = sourcecode.swift; path = AppDelegate.swift; sourceTree = "<group>"; };
		DC4D068C2AC4067F003A74DF /* SceneDelegate.swift */ = {isa = PBXFileReference; lastKnownFileType = sourcecode.swift; path = SceneDelegate.swift; sourceTree = "<group>"; };
		DC4D068E2AC4067F003A74DF /* ViewController.swift */ = {isa = PBXFileReference; lastKnownFileType = sourcecode.swift; path = ViewController.swift; sourceTree = "<group>"; };
		DC4D06912AC4067F003A74DF /* Base */ = {isa = PBXFileReference; lastKnownFileType = file.storyboard; name = Base; path = Base.lproj/Main.storyboard; sourceTree = "<group>"; };
		DC4D06932AC40681003A74DF /* Assets.xcassets */ = {isa = PBXFileReference; lastKnownFileType = folder.assetcatalog; path = Assets.xcassets; sourceTree = "<group>"; };
		DC4D06962AC40681003A74DF /* Base */ = {isa = PBXFileReference; lastKnownFileType = file.storyboard; name = Base; path = Base.lproj/LaunchScreen.storyboard; sourceTree = "<group>"; };
		DC4D06982AC40681003A74DF /* Info.plist */ = {isa = PBXFileReference; lastKnownFileType = text.plist.xml; path = Info.plist; sourceTree = "<group>"; };
		DC4D069F2AC406F3003A74DF /* XBBaseKit.framework */ = {isa = PBXFileReference; explicitFileType = wrapper.framework; path = XBBaseKit.framework; sourceTree = BUILT_PRODUCTS_DIR; };
		DC4D06A12AC40771003A74DF /* XBBaseKit.framework */ = {isa = PBXFileReference; explicitFileType = wrapper.framework; path = XBBaseKit.framework; sourceTree = BUILT_PRODUCTS_DIR; };
/* End PBXFileReference section */

/* Begin PBXFrameworksBuildPhase section */
		DC4D06842AC4067F003A74DF /* Frameworks */ = {
			isa = PBXFrameworksBuildPhase;
			buildActionMask = 2147483647;
			files = (
				DC4D06A22AC40771003A74DF /* XBBaseKit.framework in Frameworks */,
			);
			runOnlyForDeploymentPostprocessing = 0;
		};
/* End PBXFrameworksBuildPhase section */

/* Begin PBXGroup section */
		DC4D067E2AC4067F003A74DF = {
			isa = PBXGroup;
			children = (
				DC4D06892AC4067F003A74DF /* XBBaseKitDemo */,
				DC4D06882AC4067F003A74DF /* Products */,
				DC4D069E2AC406F3003A74DF /* Frameworks */,
			);
			sourceTree = "<group>";
		};
		DC4D06882AC4067F003A74DF /* Products */ = {
			isa = PBXGroup;
			children = (
				DC4D06872AC4067F003A74DF /* XBBaseKitDemo.app */,
			);
			name = Products;
			sourceTree = "<group>";
		};
		DC4D06892AC4067F003A74DF /* XBBaseKitDemo */ = {
			isa = PBXGroup;
			children = (
				DC4D068A2AC4067F003A74DF /* AppDelegate.swift */,
				DC4D068C2AC4067F003A74DF /* SceneDelegate.swift */,
				DC4D068E2AC4067F003A74DF /* ViewController.swift */,
				DC4D06902AC4067F003A74DF /* Main.storyboard */,
				DC4D06932AC40681003A74DF /* Assets.xcassets */,
				DC4D06952AC40681003A74DF /* LaunchScreen.storyboard */,
				DC4D06982AC40681003A74DF /* Info.plist */,
			);
			path = XBBaseKitDemo;
			sourceTree = "<group>";
		};
		DC4D069E2AC406F3003A74DF /* Frameworks */ = {
			isa = PBXGroup;
			children = (
				DC4D06A12AC40771003A74DF /* XBBaseKit.framework */,
				DC4D069F2AC406F3003A74DF /* XBBaseKit.framework */,
			);
			name = Frameworks;
			sourceTree = "<group>";
		};
/* End PBXGroup section */

/* Begin PBXNativeTarget section */
		DC4D06862AC4067F003A74DF /* XBBaseKitDemo */ = {
			isa = PBXNativeTarget;
			buildConfigurationList = DC4D069B2AC40681003A74DF /* Build configuration list for PBXNativeTarget "XBBaseKitDemo" */;
			buildPhases = (
				DC4D06832AC4067F003A74DF /* Sources */,
				DC4D06842AC4067F003A74DF /* Frameworks */,
				DC4D06852AC4067F003A74DF /* Resources */,
				DC4D06A42AC40771003A74DF /* Embed Frameworks */,
			);
			buildRules = (
			);
			dependencies = (
			);
			name = XBBaseKitDemo;
			productName = XBBaseKitDemo;
			productReference = DC4D06872AC4067F003A74DF /* XBBaseKitDemo.app */;
			productType = "com.apple.product-type.application";
		};
/* End PBXNativeTarget section */

/* Begin PBXProject section */
		DC4D067F2AC4067F003A74DF /* Project object */ = {
			isa = PBXProject;
			attributes = {
				BuildIndependentTargetsInParallel = 1;
				LastSwiftUpdateCheck = 1500;
				LastUpgradeCheck = 1500;
				TargetAttributes = {
					DC4D06862AC4067F003A74DF = {
						CreatedOnToolsVersion = 15.0;
					};
				};
			};
			buildConfigurationList = DC4D06822AC4067F003A74DF /* Build configuration list for PBXProject "XBBaseKitDemo" */;
			compatibilityVersion = "Xcode 14.0";
			developmentRegion = en;
			hasScannedForEncodings = 0;
			knownRegions = (
				en,
				Base,
			);
			mainGroup = DC4D067E2AC4067F003A74DF;
			productRefGroup = DC4D06882AC4067F003A74DF /* Products */;
			projectDirPath = "";
			projectRoot = "";
			targets = (
				DC4D06862AC4067F003A74DF /* XBBaseKitDemo */,
			);
		};
/* End PBXProject section */

/* Begin PBXResourcesBuildPhase section */
		DC4D06852AC4067F003A74DF /* Resources */ = {
			isa = PBXResourcesBuildPhase;
			buildActionMask = 2147483647;
			files = (
				DC4D06972AC40681003A74DF /* LaunchScreen.storyboard in Resources */,
				DC4D06942AC40681003A74DF /* Assets.xcassets in Resources */,
				DC4D06922AC4067F003A74DF /* Main.storyboard in Resources */,
			);
			runOnlyForDeploymentPostprocessing = 0;
		};
/* End PBXResourcesBuildPhase section */

/* Begin PBXSourcesBuildPhase section */
		DC4D06832AC4067F003A74DF /* Sources */ = {
			isa = PBXSourcesBuildPhase;
			buildActionMask = 2147483647;
			files = (
				DC4D068F2AC4067F003A74DF /* ViewController.swift in Sources */,
				DC4D068B2AC4067F003A74DF /* AppDelegate.swift in Sources */,
				DC4D068D2AC4067F003A74DF /* SceneDelegate.swift in Sources */,
			);
			runOnlyForDeploymentPostprocessing = 0;
		};
/* End PBXSourcesBuildPhase section */

/* Begin PBXVariantGroup section */
		DC4D06902AC4067F003A74DF /* Main.storyboard */ = {
			isa = PBXVariantGroup;
			children = (
				DC4D06912AC4067F003A74DF /* Base */,
			);
			name = Main.storyboard;
			sourceTree = "<group>";
		};
		DC4D06952AC40681003A74DF /* LaunchScreen.storyboard */ = {
			isa = PBXVariantGroup;
			children = (
				DC4D06962AC40681003A74DF /* Base */,
			);
			name = LaunchScreen.storyboard;
			sourceTree = "<group>";
		};
/* End PBXVariantGroup section */

/* Begin XCBuildConfiguration section */
		DC4D06992AC40681003A74DF /* Debug */ = {
			isa = XCBuildConfiguration;
			buildSettings = {
				ALWAYS_SEARCH_USER_PATHS = NO;
				ASSETCATALOG_COMPILER_GENERATE_SWIFT_ASSET_SYMBOL_EXTENSIONS = YES;
				CLANG_ANALYZER_NONNULL = YES;
				CLANG_ANALYZER_NUMBER_OBJECT_CONVERSION = YES_AGGRESSIVE;
				CLANG_CXX_LANGUAGE_STANDARD = "gnu++20";
				CLANG_ENABLE_MODULES = YES;
				CLANG_ENABLE_OBJC_ARC = YES;
				CLANG_ENABLE_OBJC_WEAK = YES;
				CLANG_WARN_BLOCK_CAPTURE_AUTORELEASING = YES;
				CLANG_WARN_BOOL_CONVERSION = YES;
				CLANG_WARN_COMMA = YES;
				CLANG_WARN_CONSTANT_CONVERSION = YES;
				CLANG_WARN_DEPRECATED_OBJC_IMPLEMENTATIONS = YES;
				CLANG_WARN_DIRECT_OBJC_ISA_USAGE = YES_ERROR;
				CLANG_WARN_DOCUMENTATION_COMMENTS = YES;
				CLANG_WARN_EMPTY_BODY = YES;
				CLANG_WARN_ENUM_CONVERSION = YES;
				CLANG_WARN_INFINITE_RECURSION = YES;
				CLANG_WARN_INT_CONVERSION = YES;
				CLANG_WARN_NON_LITERAL_NULL_CONVERSION = YES;
				CLANG_WARN_OBJC_IMPLICIT_RETAIN_SELF = YES;
				CLANG_WARN_OBJC_LITERAL_CONVERSION = YES;
				CLANG_WARN_OBJC_ROOT_CLASS = YES_ERROR;
				CLANG_WARN_QUOTED_INCLUDE_IN_FRAMEWORK_HEADER = YES;
				CLANG_WARN_RANGE_LOOP_ANALYSIS = YES;
				CLANG_WARN_STRICT_PROTOTYPES = YES;
				CLANG_WARN_SUSPICIOUS_MOVE = YES;
				CLANG_WARN_UNGUARDED_AVAILABILITY = YES_AGGRESSIVE;
				CLANG_WARN_UNREACHABLE_CODE = YES;
				CLANG_WARN__DUPLICATE_METHOD_MATCH = YES;
				COPY_PHASE_STRIP = NO;
				DEBUG_INFORMATION_FORMAT = dwarf;
				ENABLE_STRICT_OBJC_MSGSEND = YES;
				ENABLE_TESTABILITY = YES;
				ENABLE_USER_SCRIPT_SANDBOXING = YES;
				GCC_C_LANGUAGE_STANDARD = gnu17;
				GCC_DYNAMIC_NO_PIC = NO;
				GCC_NO_COMMON_BLOCKS = YES;
				GCC_OPTIMIZATION_LEVEL = 0;
				GCC_PREPROCESSOR_DEFINITIONS = (
					"DEBUG=1",
					"$(inherited)",
				);
				GCC_WARN_64_TO_32_BIT_CONVERSION = YES;
				GCC_WARN_ABOUT_RETURN_TYPE = YES_ERROR;
				GCC_WARN_UNDECLARED_SELECTOR = YES;
				GCC_WARN_UNINITIALIZED_AUTOS = YES_AGGRESSIVE;
				GCC_WARN_UNUSED_FUNCTION = YES;
				GCC_WARN_UNUSED_VARIABLE = YES;
				IPHONEOS_DEPLOYMENT_TARGET = 17.0;
				LOCALIZATION_PREFERS_STRING_CATALOGS = YES;
				MTL_ENABLE_DEBUG_INFO = INCLUDE_SOURCE;
				MTL_FAST_MATH = YES;
				ONLY_ACTIVE_ARCH = YES;
				SDKROOT = iphoneos;
				SWIFT_ACTIVE_COMPILATION_CONDITIONS = "DEBUG $(inherited)";
				SWIFT_OPTIMIZATION_LEVEL = "-Onone";
			};
			name = Debug;
		};
		DC4D069A2AC40681003A74DF /* Release */ = {
			isa = XCBuildConfiguration;
			buildSettings = {
				ALWAYS_SEARCH_USER_PATHS = NO;
				ASSETCATALOG_COMPILER_GENERATE_SWIFT_ASSET_SYMBOL_EXTENSIONS = YES;
				CLANG_ANALYZER_NONNULL = YES;
				CLANG_ANALYZER_NUMBER_OBJECT_CONVERSION = YES_AGGRESSIVE;
				CLANG_CXX_LANGUAGE_STANDARD = "gnu++20";
				CLANG_ENABLE_MODULES = YES;
				CLANG_ENABLE_OBJC_ARC = YES;
				CLANG_ENABLE_OBJC_WEAK = YES;
				CLANG_WARN_BLOCK_CAPTURE_AUTORELEASING = YES;
				CLANG_WARN_BOOL_CONVERSION = YES;
				CLANG_WARN_COMMA = YES;
				CLANG_WARN_CONSTANT_CONVERSION = YES;
				CLANG_WARN_DEPRECATED_OBJC_IMPLEMENTATIONS = YES;
				CLANG_WARN_DIRECT_OBJC_ISA_USAGE = YES_ERROR;
				CLANG_WARN_DOCUMENTATION_COMMENTS = YES;
				CLANG_WARN_EMPTY_BODY = YES;
				CLANG_WARN_ENUM_CONVERSION = YES;
				CLANG_WARN_INFINITE_RECURSION = YES;
				CLANG_WARN_INT_CONVERSION = YES;
				CLANG_WARN_NON_LITERAL_NULL_CONVERSION = YES;
				CLANG_WARN_OBJC_IMPLICIT_RETAIN_SELF = YES;
				CLANG_WARN_OBJC_LITERAL_CONVERSION = YES;
				CLANG_WARN_OBJC_ROOT_CLASS = YES_ERROR;
				CLANG_WARN_QUOTED_INCLUDE_IN_FRAMEWORK_HEADER = YES;
				CLANG_WARN_RANGE_LOOP_ANALYSIS = YES;
				CLANG_WARN_STRICT_PROTOTYPES = YES;
				CLANG_WARN_SUSPICIOUS_MOVE = YES;
				CLANG_WARN_UNGUARDED_AVAILABILITY = YES_AGGRESSIVE;
				CLANG_WARN_UNREACHABLE_CODE = YES;
				CLANG_WARN__DUPLICATE_METHOD_MATCH = YES;
				COPY_PHASE_STRIP = NO;
				DEBUG_INFORMATION_FORMAT = "dwarf-with-dsym";
				ENABLE_NS_ASSERTIONS = NO;
				ENABLE_STRICT_OBJC_MSGSEND = YES;
				ENABLE_USER_SCRIPT_SANDBOXING = YES;
				GCC_C_LANGUAGE_STANDARD = gnu17;
				GCC_NO_COMMON_BLOCKS = YES;
				GCC_WARN_64_TO_32_BIT_CONVERSION = YES;
				GCC_WARN_ABOUT_RETURN_TYPE = YES_ERROR;
				GCC_WARN_UNDECLARED_SELECTOR = YES;
				GCC_WARN_UNINITIALIZED_AUTOS = YES_AGGRESSIVE;
				GCC_WARN_UNUSED_FUNCTION = YES;
				GCC_WARN_UNUSED_VARIABLE = YES;
				IPHONEOS_DEPLOYMENT_TARGET = 17.0;
				LOCALIZATION_PREFERS_STRING_CATALOGS = YES;
				MTL_ENABLE_DEBUG_INFO = NO;
				MTL_FAST_MATH = YES;
				SDKROOT = iphoneos;
				SWIFT_COMPILATION_MODE = wholemodule;
				VALIDATE_PRODUCT = YES;
			};
			name = Release;
		};
		DC4D069C2AC40681003A74DF /* Debug */ = {
			isa = XCBuildConfiguration;
			buildSettings = {
				ASSETCATALOG_COMPILER_APPICON_NAME = AppIcon;
				ASSETCATALOG_COMPILER_GLOBAL_ACCENT_COLOR_NAME = AccentColor;
				CODE_SIGN_STYLE = Automatic;
				CURRENT_PROJECT_VERSION = 1;
				DEVELOPMENT_TEAM = F9N98X7P4L;
				GENERATE_INFOPLIST_FILE = YES;
				INFOPLIST_FILE = XBBaseKitDemo/Info.plist;
				INFOPLIST_KEY_UIApplicationSupportsIndirectInputEvents = YES;
				INFOPLIST_KEY_UILaunchStoryboardName = LaunchScreen;
				INFOPLIST_KEY_UIMainStoryboardFile = Main;
				INFOPLIST_KEY_UISupportedInterfaceOrientations_iPad = "UIInterfaceOrientationPortrait UIInterfaceOrientationPortraitUpsideDown UIInterfaceOrientationLandscapeLeft UIInterfaceOrientationLandscapeRight";
				INFOPLIST_KEY_UISupportedInterfaceOrientations_iPhone = "UIInterfaceOrientationPortrait UIInterfaceOrientationLandscapeLeft UIInterfaceOrientationLandscapeRight";
				LD_RUNPATH_SEARCH_PATHS = (
					"$(inherited)",
					"@executable_path/Frameworks",
				);
				MARKETING_VERSION = 1.0;
				PRODUCT_BUNDLE_IDENTIFIER = com.xiaobingkj.XBBaseKitDemo;
				PRODUCT_NAME = "$(TARGET_NAME)";
				SWIFT_EMIT_LOC_STRINGS = YES;
				SWIFT_VERSION = 5.0;
				TARGETED_DEVICE_FAMILY = "1,2";
			};
			name = Debug;
		};
		DC4D069D2AC40681003A74DF /* Release */ = {
			isa = XCBuildConfiguration;
			buildSettings = {
				ASSETCATALOG_COMPILER_APPICON_NAME = AppIcon;
				ASSETCATALOG_COMPILER_GLOBAL_ACCENT_COLOR_NAME = AccentColor;
				CODE_SIGN_STYLE = Automatic;
				CURRENT_PROJECT_VERSION = 1;
				DEVELOPMENT_TEAM = F9N98X7P4L;
				GENERATE_INFOPLIST_FILE = YES;
				INFOPLIST_FILE = XBBaseKitDemo/Info.plist;
				INFOPLIST_KEY_UIApplicationSupportsIndirectInputEvents = YES;
				INFOPLIST_KEY_UILaunchStoryboardName = LaunchScreen;
				INFOPLIST_KEY_UIMainStoryboardFile = Main;
				INFOPLIST_KEY_UISupportedInterfaceOrientations_iPad = "UIInterfaceOrientationPortrait UIInterfaceOrientationPortraitUpsideDown UIInterfaceOrientationLandscapeLeft UIInterfaceOrientationLandscapeRight";
				INFOPLIST_KEY_UISupportedInterfaceOrientations_iPhone = "UIInterfaceOrientationPortrait UIInterfaceOrientationLandscapeLeft UIInterfaceOrientationLandscapeRight";
				LD_RUNPATH_SEARCH_PATHS = (
					"$(inherited)",
					"@executable_path/Frameworks",
				);
				MARKETING_VERSION = 1.0;
				PRODUCT_BUNDLE_IDENTIFIER = com.xiaobingkj.XBBaseKitDemo;
				PRODUCT_NAME = "$(TARGET_NAME)";
				SWIFT_EMIT_LOC_STRINGS = YES;
				SWIFT_VERSION = 5.0;
				TARGETED_DEVICE_FAMILY = "1,2";
			};
			name = Release;
		};
/* End XCBuildConfiguration section */

/* Begin XCConfigurationList section */
		DC4D06822AC4067F003A74DF /* Build configuration list for PBXProject "XBBaseKitDemo" */ = {
			isa = XCConfigurationList;
			buildConfigurations = (
				DC4D06992AC40681003A74DF /* Debug */,
				DC4D069A2AC40681003A74DF /* Release */,
			);
			defaultConfigurationIsVisible = 0;
			defaultConfigurationName = Release;
		};
		DC4D069B2AC40681003A74DF /* Build configuration list for PBXNativeTarget "XBBaseKitDemo" */ = {
			isa = XCConfigurationList;
			buildConfigurations = (
				DC4D069C2AC40681003A74DF /* Debug */,
				DC4D069D2AC40681003A74DF /* Release */,
			);
			defaultConfigurationIsVisible = 0;
			defaultConfigurationName = Release;
		};
/* End XCConfigurationList section */
	};
	rootObject = DC4D067F2AC4067F003A74DF /* Project object */;
}
